
Microsoft Visual Studio Solution File, Format Version 12.00
# Visual Studio Version 17
VisualStudioVersion = 17.13.35931.197 d17.13
MinimumVisualStudioVersion = 10.0.40219.1
Project("{FAE04EC0-301F-11D3-BF4B-00C04F79EFBC}") = "WBHMODE", "WBHMODE.csproj", "{41645086-4A62-6472-41CD-FDA5EB791D31}"
EndProject
Global
	GlobalSection(SolutionConfigurationPlatforms) = preSolution
		Debug|Any CPU = Debug|Any CPU
		Release|Any CPU = Release|Any CPU
	EndGlobalSection
	GlobalSection(ProjectConfigurationPlatforms) = postSolution
		{41645086-4A62-6472-41CD-FDA5EB791D31}.Debug|Any CPU.ActiveCfg = Debug|Any CPU
		{41645086-4A62-6472-41CD-FDA5EB791D31}.Debug|Any CPU.Build.0 = Debug|Any CPU
		{41645086-4A62-6472-41CD-FDA5EB791D31}.Release|Any CPU.ActiveCfg = Release|Any CPU
		{41645086-4A62-6472-41CD-FDA5EB791D31}.Release|Any CPU.Build.0 = Release|Any CPU
	EndGlobalSection
	GlobalSection(SolutionProperties) = preSolution
		HideSolutionNode = FALSE
	EndGlobalSection
	GlobalSection(ExtensibilityGlobals) = postSolution
		SolutionGuid = {4C5E8314-2E8D-49A0-B065-F4BBF6096A67}
	EndGlobalSection
EndGlobal
